
Microsoft Visual Studio Solution File, Format Version 12.00
# Visual Studio Version 17
VisualStudioVersion = 17.14.36414.22
MinimumVisualStudioVersion = 10.0.40219.1
Project("{2150E333-8FDC-42A3-9474-1A3956D46DE8}") = "src", "src", "{02EA681E-C7D8-13C7-8484-4AC65E1B71E8}"
	ProjectSection(SolutionItems) = preProject
		.gitginore = .gitginore
	EndProjectSection
EndProject
Project("{FAE04EC0-301F-11D3-BF4B-00C04F79EFBC}") = "Domain", "Domain\Domain.csproj", "{780B5773-CFBA-4F45-AD96-F55E377DDB32}"
EndProject
Project("{2150E333-8FDC-42A3-9474-1A3956D46DE8}") = "Core", "Core", "{4A5D7106-C070-4694-95C4-46B4D4F3D9ED}"
EndProject
Project("{FAE04EC0-301F-11D3-BF4B-00C04F79EFBC}") = "Application", "Application\Application.csproj", "{1FD75C7E-8700-4973-9C83-150180F4363F}"
EndProject
Project("{2150E333-8FDC-42A3-9474-1A3956D46DE8}") = "External", "External", "{F60B3D05-878B-462F-A397-62C78339B8FA}"
EndProject
Project("{FAE04EC0-301F-11D3-BF4B-00C04F79EFBC}") = "Persistence", "Persistence\Persistence.csproj", "{96F61CEB-8BC9-48DD-A22F-06FFF0C2BA83}"
EndProject
Project("{FAE04EC0-301F-11D3-BF4B-00C04F79EFBC}") = "Web.API", "Web.API\Web.API.csproj", "{8F70AC09-D22B-4FCF-8A47-849589BDDDD7}"
EndProject
Project("{2150E333-8FDC-42A3-9474-1A3956D46DE8}") = "Testing", "Testing", "{B4D17EDD-6C9E-4AE7-AA78-16B90D7F3343}"
EndProject
Project("{FAE04EC0-301F-11D3-BF4B-00C04F79EFBC}") = "VehicleTest", "VehicleTest\VehicleTest.csproj", "{E42C7EF1-7748-48F2-BB8A-22BD86C60A4D}"
EndProject
Project("{FAE04EC0-301F-11D3-BF4B-00C04F79EFBC}") = "AuctionTest", "AuctionTest\AuctionTest.csproj", "{BE6216DF-DB5B-4D37-99EB-3789E3D8C418}"
EndProject
Global
	GlobalSection(SolutionConfigurationPlatforms) = preSolution
		Debug|Any CPU = Debug|Any CPU
		Release|Any CPU = Release|Any CPU
	EndGlobalSection
	GlobalSection(ProjectConfigurationPlatforms) = postSolution
		{780B5773-CFBA-4F45-AD96-F55E377DDB32}.Debug|Any CPU.ActiveCfg = Debug|Any CPU
		{780B5773-CFBA-4F45-AD96-F55E377DDB32}.Debug|Any CPU.Build.0 = Debug|Any CPU
		{780B5773-CFBA-4F45-AD96-F55E377DDB32}.Release|Any CPU.ActiveCfg = Release|Any CPU
		{780B5773-CFBA-4F45-AD96-F55E377DDB32}.Release|Any CPU.Build.0 = Release|Any CPU
		{1FD75C7E-8700-4973-9C83-150180F4363F}.Debug|Any CPU.ActiveCfg = Debug|Any CPU
		{1FD75C7E-8700-4973-9C83-150180F4363F}.Debug|Any CPU.Build.0 = Debug|Any CPU
		{1FD75C7E-8700-4973-9C83-150180F4363F}.Release|Any CPU.ActiveCfg = Release|Any CPU
		{1FD75C7E-8700-4973-9C83-150180F4363F}.Release|Any CPU.Build.0 = Release|Any CPU
		{96F61CEB-8BC9-48DD-A22F-06FFF0C2BA83}.Debug|Any CPU.ActiveCfg = Debug|Any CPU
		{96F61CEB-8BC9-48DD-A22F-06FFF0C2BA83}.Debug|Any CPU.Build.0 = Debug|Any CPU
		{96F61CEB-8BC9-48DD-A22F-06FFF0C2BA83}.Release|Any CPU.ActiveCfg = Release|Any CPU
		{96F61CEB-8BC9-48DD-A22F-06FFF0C2BA83}.Release|Any CPU.Build.0 = Release|Any CPU
		{8F70AC09-D22B-4FCF-8A47-849589BDDDD7}.Debug|Any CPU.ActiveCfg = Debug|Any CPU
		{8F70AC09-D22B-4FCF-8A47-849589BDDDD7}.Debug|Any CPU.Build.0 = Debug|Any CPU
		{8F70AC09-D22B-4FCF-8A47-849589BDDDD7}.Release|Any CPU.ActiveCfg = Release|Any CPU
		{8F70AC09-D22B-4FCF-8A47-849589BDDDD7}.Release|Any CPU.Build.0 = Release|Any CPU
		{E42C7EF1-7748-48F2-BB8A-22BD86C60A4D}.Debug|Any CPU.ActiveCfg = Debug|Any CPU
		{E42C7EF1-7748-48F2-BB8A-22BD86C60A4D}.Debug|Any CPU.Build.0 = Debug|Any CPU
		{E42C7EF1-7748-48F2-BB8A-22BD86C60A4D}.Release|Any CPU.ActiveCfg = Release|Any CPU
		{E42C7EF1-7748-48F2-BB8A-22BD86C60A4D}.Release|Any CPU.Build.0 = Release|Any CPU
		{BE6216DF-DB5B-4D37-99EB-3789E3D8C418}.Debug|Any CPU.ActiveCfg = Debug|Any CPU
		{BE6216DF-DB5B-4D37-99EB-3789E3D8C418}.Debug|Any CPU.Build.0 = Debug|Any CPU
		{BE6216DF-DB5B-4D37-99EB-3789E3D8C418}.Release|Any CPU.ActiveCfg = Release|Any CPU
		{BE6216DF-DB5B-4D37-99EB-3789E3D8C418}.Release|Any CPU.Build.0 = Release|Any CPU
	EndGlobalSection
	GlobalSection(SolutionProperties) = preSolution
		HideSolutionNode = FALSE
	EndGlobalSection
	GlobalSection(NestedProjects) = preSolution
		{780B5773-CFBA-4F45-AD96-F55E377DDB32} = {4A5D7106-C070-4694-95C4-46B4D4F3D9ED}
		{4A5D7106-C070-4694-95C4-46B4D4F3D9ED} = {02EA681E-C7D8-13C7-8484-4AC65E1B71E8}
		{1FD75C7E-8700-4973-9C83-150180F4363F} = {4A5D7106-C070-4694-95C4-46B4D4F3D9ED}
		{F60B3D05-878B-462F-A397-62C78339B8FA} = {02EA681E-C7D8-13C7-8484-4AC65E1B71E8}
		{96F61CEB-8BC9-48DD-A22F-06FFF0C2BA83} = {F60B3D05-878B-462F-A397-62C78339B8FA}
		{8F70AC09-D22B-4FCF-8A47-849589BDDDD7} = {F60B3D05-878B-462F-A397-62C78339B8FA}
		{B4D17EDD-6C9E-4AE7-AA78-16B90D7F3343} = {02EA681E-C7D8-13C7-8484-4AC65E1B71E8}
		{E42C7EF1-7748-48F2-BB8A-22BD86C60A4D} = {B4D17EDD-6C9E-4AE7-AA78-16B90D7F3343}
		{BE6216DF-DB5B-4D37-99EB-3789E3D8C418} = {B4D17EDD-6C9E-4AE7-AA78-16B90D7F3343}
	EndGlobalSection
	GlobalSection(ExtensibilityGlobals) = postSolution
		SolutionGuid = {8D04B987-66A9-44F7-B24F-254A1ACF5892}
	EndGlobalSection
EndGlobal
